
Microsoft Visual Studio Solution File, Format Version 12.00
# Visual Studio Version 16
VisualStudioVersion = 16.0.30413.136
MinimumVisualStudioVersion = 10.0.40219.1
Project("{9A19103F-16F7-4668-BE54-9A1E7A4F7556}") = "CSharpCheatSheet.CosoleApp", "CSharpCheatSheet.CosoleApp\CSharpCheatSheet.CosoleApp.csproj", "{C66D9FD6-486B-4A79-903E-2BAB169760FC}"
EndProject
Project("{9A19103F-16F7-4668-BE54-9A1E7A4F7556}") = "CSharpCheatSheed.UnitTests", "CSharpCheatSheed.UnitTests\CSharpCheatSheed.UnitTests.csproj", "{D5B24570-21C1-426E-ADFC-F3E17B24E362}"
EndProject
Project("{9A19103F-16F7-4668-BE54-9A1E7A4F7556}") = "CSharpCheatSheet.Services", "CSharpCheatSheet.Services\CSharpCheatSheet.Services.csproj", "{D8CB4DC9-2718-4B21-9495-B167BD249250}"
EndProject
Project("{2150E333-8FDC-42A3-9474-1A3956D46DE8}") = "Solution Items", "Solution Items", "{AADBFAEA-6531-49DB-B758-2BF1A5D64738}"
	ProjectSection(SolutionItems) = preProject
		ToDos.txt = ToDos.txt
	EndProjectSection
EndProject
Global
	GlobalSection(SolutionConfigurationPlatforms) = preSolution
		Debug|Any CPU = Debug|Any CPU
		Release|Any CPU = Release|Any CPU
	EndGlobalSection
	GlobalSection(ProjectConfigurationPlatforms) = postSolution
		{C66D9FD6-486B-4A79-903E-2BAB169760FC}.Debug|Any CPU.ActiveCfg = Debug|Any CPU
		{C66D9FD6-486B-4A79-903E-2BAB169760FC}.Debug|Any CPU.Build.0 = Debug|Any CPU
		{C66D9FD6-486B-4A79-903E-2BAB169760FC}.Release|Any CPU.ActiveCfg = Release|Any CPU
		{C66D9FD6-486B-4A79-903E-2BAB169760FC}.Release|Any CPU.Build.0 = Release|Any CPU
		{D5B24570-21C1-426E-ADFC-F3E17B24E362}.Debug|Any CPU.ActiveCfg = Debug|Any CPU
		{D5B24570-21C1-426E-ADFC-F3E17B24E362}.Debug|Any CPU.Build.0 = Debug|Any CPU
		{D5B24570-21C1-426E-ADFC-F3E17B24E362}.Release|Any CPU.ActiveCfg = Release|Any CPU
		{D5B24570-21C1-426E-ADFC-F3E17B24E362}.Release|Any CPU.Build.0 = Release|Any CPU
		{D8CB4DC9-2718-4B21-9495-B167BD249250}.Debug|Any CPU.ActiveCfg = Debug|Any CPU
		{D8CB4DC9-2718-4B21-9495-B167BD249250}.Debug|Any CPU.Build.0 = Debug|Any CPU
		{D8CB4DC9-2718-4B21-9495-B167BD249250}.Release|Any CPU.ActiveCfg = Release|Any CPU
		{D8CB4DC9-2718-4B21-9495-B167BD249250}.Release|Any CPU.Build.0 = Release|Any CPU
	EndGlobalSection
	GlobalSection(SolutionProperties) = preSolution
		HideSolutionNode = FALSE
	EndGlobalSection
	GlobalSection(ExtensibilityGlobals) = postSolution
		SolutionGuid = {FF420165-793D-4CDD-BBC6-3D34CC7E142F}
	EndGlobalSection
EndGlobal
